github.com/thorsphere/lpstats v1.6.1 h1:IDOmjOW9Dm5P0aMF7rSertCjsuY7dZfEk66C9Ai61E8=
github.com/thorsphere/lpstats v1.6.1/go.mod h1:csdPChhSzBYMtDyS05+q06YCud1wvWQSWxWhkYsOidY=
github.com/thorsphere/tserr v1.21.0 h1:rm9SQEmkiVPHDXYgRla8qUBFdDcrryvu2YczIYnbuXU=
github.com/thorsphere/tserr v1.21.0/go.mod h1:yv3y4d0WwGHyBX7I3sWEovFilDU/pIksvSg5tYbuRD8=
github.com/thorsphere/tsfio v1.8.1 h1:ZcQS8U/M3cndY7uivCm0nz7UOFnrIK3GztNCHKSCAhA=
github.com/thorsphere/tsfio v1.8.1/go.mod h1:Ace1h2XgMA2kz4Q0OKOS7Khc++muRQjFXueqYexKdqw=
github.com/thorsphere/tsfio v1.9.0 h1:3XkQVhfQBBYQq3kbpbY5I6GR0HxSAa/1NCEcSV9p854=
github.com/thorsphere/tsfio v1.9.0/go.mod h1:BC+z8MPZI/pUaeIJJi+kE4AfKWHKCWub2nYVQCTTDbg=
github.com/thorsphere/tstable v1.2.1 h1:8LsQXkE0SOem3F65iNSa1e/xWxcYyHff18CkASOUFjo=
github.com/thorsphere/tstable v1.2.1/go.mod h1:Pl2gRpcnhbaH9QnRI9qbKsDhfmOGBCSf8TqbAuljXBM=
github.com/thorsphere/tstable v1.3.0 h1:q5LujmkbXW3Ei8IXD/CNwz3MAj1fRQ7oDbmTjMmaA4A=
github.com/thorsphere/tstable v1.3.0/go.mod h1:QgGVbnAIcbBBaadlIoK22KL67Pd59oDEGDz6xkx0ERY=
